
Microsoft Visual Studio Solution File, Format Version 12.00
# Visual Studio Version 17
VisualStudioVersion = 17.2.32505.173
MinimumVisualStudioVersion = 10.0.40219.1
Project("{FAE04EC0-301F-11D3-BF4B-00C04F79EFBC}") = "WebAppi", "WebAppi.csproj", "{B5FE24BB-B5EC-4CF8-90E5-27DCE139A123}"
EndProject
Project("{FAE04EC0-301F-11D3-BF4B-00C04F79EFBC}") = "front", "..\front\front.csproj", "{39BE720B-7200-4E38-BA41-53333FC80157}"
EndProject
Global
	GlobalSection(SolutionConfigurationPlatforms) = preSolution
		Debug|Any CPU = Debug|Any CPU
		Release|Any CPU = Release|Any CPU
	EndGlobalSection
	GlobalSection(ProjectConfigurationPlatforms) = postSolution
		{B5FE24BB-B5EC-4CF8-90E5-27DCE139A123}.Debug|Any CPU.ActiveCfg = Debug|Any CPU
		{B5FE24BB-B5EC-4CF8-90E5-27DCE139A123}.Debug|Any CPU.Build.0 = Debug|Any CPU
		{B5FE24BB-B5EC-4CF8-90E5-27DCE139A123}.Release|Any CPU.ActiveCfg = Release|Any CPU
		{B5FE24BB-B5EC-4CF8-90E5-27DCE139A123}.Release|Any CPU.Build.0 = Release|Any CPU
		{39BE720B-7200-4E38-BA41-53333FC80157}.Debug|Any CPU.ActiveCfg = Debug|Any CPU
		{39BE720B-7200-4E38-BA41-53333FC80157}.Debug|Any CPU.Build.0 = Debug|Any CPU
		{39BE720B-7200-4E38-BA41-53333FC80157}.Release|Any CPU.ActiveCfg = Release|Any CPU
		{39BE720B-7200-4E38-BA41-53333FC80157}.Release|Any CPU.Build.0 = Release|Any CPU
	EndGlobalSection
	GlobalSection(SolutionProperties) = preSolution
		HideSolutionNode = FALSE
	EndGlobalSection
	GlobalSection(ExtensibilityGlobals) = postSolution
		SolutionGuid = {8DD75049-C456-4341-8E13-586B372FF8BF}
	EndGlobalSection
EndGlobal
